
Microsoft Visual Studio Solution File, Format Version 12.00
# Visual Studio Version 16
VisualStudioVersion = 16.0.29911.84
MinimumVisualStudioVersion = 10.0.40219.1
Project("{FAE04EC0-301F-11D3-BF4B-00C04F79EFBC}") = "TastyMeal.DataAccess", "TastyMeal.DataAccess\TastyMeal.DataAccess.csproj", "{20AE7720-9DEE-48A7-A3FA-973543F67AB9}"
EndProject
Project("{FAE04EC0-301F-11D3-BF4B-00C04F79EFBC}") = "TastyMeal.Models", "TastyMeal.Models\TastyMeal.Models.csproj", "{9E9A81C6-2CD4-4ADB-960C-EC1DEBD80C11}"
EndProject
Project("{FAE04EC0-301F-11D3-BF4B-00C04F79EFBC}") = "TastyMeal.Utility", "TastyMeal.Utility\TastyMeal.Utility.csproj", "{0F9C690C-2013-45DE-A85F-EB144611521A}"
EndProject
Project("{FAE04EC0-301F-11D3-BF4B-00C04F79EFBC}") = "TastyMeal", "TastyMeal\TastyMeal.csproj", "{49515A2F-4F8C-44C6-A3C9-6723033B99B1}"
EndProject
Global
	GlobalSection(SolutionConfigurationPlatforms) = preSolution
		Debug|Any CPU = Debug|Any CPU
		Release|Any CPU = Release|Any CPU
	EndGlobalSection
	GlobalSection(ProjectConfigurationPlatforms) = postSolution
		{20AE7720-9DEE-48A7-A3FA-973543F67AB9}.Debug|Any CPU.ActiveCfg = Debug|Any CPU
		{20AE7720-9DEE-48A7-A3FA-973543F67AB9}.Debug|Any CPU.Build.0 = Debug|Any CPU
		{20AE7720-9DEE-48A7-A3FA-973543F67AB9}.Release|Any CPU.ActiveCfg = Release|Any CPU
		{20AE7720-9DEE-48A7-A3FA-973543F67AB9}.Release|Any CPU.Build.0 = Release|Any CPU
		{9E9A81C6-2CD4-4ADB-960C-EC1DEBD80C11}.Debug|Any CPU.ActiveCfg = Debug|Any CPU
		{9E9A81C6-2CD4-4ADB-960C-EC1DEBD80C11}.Debug|Any CPU.Build.0 = Debug|Any CPU
		{9E9A81C6-2CD4-4ADB-960C-EC1DEBD80C11}.Release|Any CPU.ActiveCfg = Release|Any CPU
		{9E9A81C6-2CD4-4ADB-960C-EC1DEBD80C11}.Release|Any CPU.Build.0 = Release|Any CPU
		{0F9C690C-2013-45DE-A85F-EB144611521A}.Debug|Any CPU.ActiveCfg = Debug|Any CPU
		{0F9C690C-2013-45DE-A85F-EB144611521A}.Debug|Any CPU.Build.0 = Debug|Any CPU
		{0F9C690C-2013-45DE-A85F-EB144611521A}.Release|Any CPU.ActiveCfg = Release|Any CPU
		{0F9C690C-2013-45DE-A85F-EB144611521A}.Release|Any CPU.Build.0 = Release|Any CPU
		{49515A2F-4F8C-44C6-A3C9-6723033B99B1}.Debug|Any CPU.ActiveCfg = Debug|Any CPU
		{49515A2F-4F8C-44C6-A3C9-6723033B99B1}.Debug|Any CPU.Build.0 = Debug|Any CPU
		{49515A2F-4F8C-44C6-A3C9-6723033B99B1}.Release|Any CPU.ActiveCfg = Release|Any CPU
		{49515A2F-4F8C-44C6-A3C9-6723033B99B1}.Release|Any CPU.Build.0 = Release|Any CPU
	EndGlobalSection
	GlobalSection(SolutionProperties) = preSolution
		HideSolutionNode = FALSE
	EndGlobalSection
	GlobalSection(ExtensibilityGlobals) = postSolution
		SolutionGuid = {880B5218-1596-4D07-9F66-F1314E62CFA2}
	EndGlobalSection
EndGlobal
